
Microsoft Visual Studio Solution File, Format Version 12.00
# Visual Studio Version 17
VisualStudioVersion = 17.3.32929.385
MinimumVisualStudioVersion = 10.0.40219.1
Project("{FAE04EC0-301F-11D3-BF4B-00C04F79EFBC}") = "MySQLCRUD", "MySQLCRUD\MySQLCRUD.csproj", "{89520324-FC50-4064-B38F-1168DF929399}"
EndProject
Global
	GlobalSection(SolutionConfigurationPlatforms) = preSolution
		Debug|Any CPU = Debug|Any CPU
		Release|Any CPU = Release|Any CPU
	EndGlobalSection
	GlobalSection(ProjectConfigurationPlatforms) = postSolution
		{89520324-FC50-4064-B38F-1168DF929399}.Debug|Any CPU.ActiveCfg = Debug|Any CPU
		{89520324-FC50-4064-B38F-1168DF929399}.Debug|Any CPU.Build.0 = Debug|Any CPU
		{89520324-FC50-4064-B38F-1168DF929399}.Release|Any CPU.ActiveCfg = Release|Any CPU
		{89520324-FC50-4064-B38F-1168DF929399}.Release|Any CPU.Build.0 = Release|Any CPU
	EndGlobalSection
	GlobalSection(SolutionProperties) = preSolution
		HideSolutionNode = FALSE
	EndGlobalSection
	GlobalSection(ExtensibilityGlobals) = postSolution
		SolutionGuid = {6B084110-290D-4082-95C6-93DB5D94691B}
	EndGlobalSection
EndGlobal
